# This file is automatically @generated by Cargo.
# It is not intended for manual editing.
version = 4

[[package]]
name = "ast"
version = "0.1.0"
dependencies = [
 "lexer",
]

[[package]]
name = "checker"
version = "0.1.0"
dependencies = [
 "ast",
 "tcast",
]

[[package]]
name = "lexer"
version = "0.1.0"

[[package]]
name = "lir"
version = "0.1.0"
dependencies = [
 "ast",
]

[[package]]
name = "molt"
version = "0.1.0"
dependencies = [
 "checker",
 "lexer",
 "parser",
]

[[package]]
name = "parser"
version = "0.1.0"
dependencies = [
 "ast",
 "lexer",
]

[[package]]
name = "tcast"
version = "0.1.0"
dependencies = [
 "ast",
]
